
Microsoft Visual Studio Solution File, Format Version 12.00
# Visual Studio Version 17
VisualStudioVersion = 17.6.33829.357
MinimumVisualStudioVersion = 10.0.40219.1
Project("{FAE04EC0-301F-11D3-BF4B-00C04F79EFBC}") = "Xbox-Controller-to-PIC", "Xbox-Controller-to-PIC.csproj", "{D4B1388A-D233-47B8-9D3B-D96D80A479A0}"
EndProject
Global
	GlobalSection(SolutionConfigurationPlatforms) = preSolution
		Debug|Any CPU = Debug|Any CPU
		Release|Any CPU = Release|Any CPU
	EndGlobalSection
	GlobalSection(ProjectConfigurationPlatforms) = postSolution
		{D4B1388A-D233-47B8-9D3B-D96D80A479A0}.Debug|Any CPU.ActiveCfg = Debug|Any CPU
		{D4B1388A-D233-47B8-9D3B-D96D80A479A0}.Debug|Any CPU.Build.0 = Debug|Any CPU
		{D4B1388A-D233-47B8-9D3B-D96D80A479A0}.Release|Any CPU.ActiveCfg = Release|Any CPU
		{D4B1388A-D233-47B8-9D3B-D96D80A479A0}.Release|Any CPU.Build.0 = Release|Any CPU
	EndGlobalSection
	GlobalSection(SolutionProperties) = preSolution
		HideSolutionNode = FALSE
	EndGlobalSection
	GlobalSection(ExtensibilityGlobals) = postSolution
		SolutionGuid = {0477CAF2-10FA-493F-895E-E976C83AE865}
	EndGlobalSection
EndGlobal
